
Microsoft Visual Studio Solution File, Format Version 12.00
# Visual Studio 15
VisualStudioVersion = 15.0.26124.0
MinimumVisualStudioVersion = 15.0.26124.0
Project("{2150E333-8FDC-42A3-9474-1A3956D46DE8}") = ".paket", ".paket", "{11D9067F-A803-49F6-B4F7-A48DE53127B8}"
	ProjectSection(SolutionItems) = preProject
		paket.dependencies = paket.dependencies
	EndProjectSection
EndProject
Project("{2150E333-8FDC-42A3-9474-1A3956D46DE8}") = "src", "src", "{40E15EEB-7CDF-4572-BCDB-B0F1D4058913}"
EndProject
Project("{F2A71F9B-5D33-465A-A702-920D77279786}") = "ReleaseBot", "src\ReleaseBot\ReleaseBot.fsproj", "{F61064D8-4116-4CB8-88FA-BA9DFEBCBF91}"
EndProject
Global
	GlobalSection(SolutionConfigurationPlatforms) = preSolution
		Debug|Any CPU = Debug|Any CPU
		Debug|x64 = Debug|x64
		Debug|x86 = Debug|x86
		Release|Any CPU = Release|Any CPU
		Release|x64 = Release|x64
		Release|x86 = Release|x86
	EndGlobalSection
	GlobalSection(SolutionProperties) = preSolution
		HideSolutionNode = FALSE
	EndGlobalSection
	GlobalSection(ProjectConfigurationPlatforms) = postSolution
		{F61064D8-4116-4CB8-88FA-BA9DFEBCBF91}.Debug|Any CPU.ActiveCfg = Debug|Any CPU
		{F61064D8-4116-4CB8-88FA-BA9DFEBCBF91}.Debug|Any CPU.Build.0 = Debug|Any CPU
		{F61064D8-4116-4CB8-88FA-BA9DFEBCBF91}.Debug|x64.ActiveCfg = Debug|Any CPU
		{F61064D8-4116-4CB8-88FA-BA9DFEBCBF91}.Debug|x64.Build.0 = Debug|Any CPU
		{F61064D8-4116-4CB8-88FA-BA9DFEBCBF91}.Debug|x86.ActiveCfg = Debug|Any CPU
		{F61064D8-4116-4CB8-88FA-BA9DFEBCBF91}.Debug|x86.Build.0 = Debug|Any CPU
		{F61064D8-4116-4CB8-88FA-BA9DFEBCBF91}.Release|Any CPU.ActiveCfg = Release|Any CPU
		{F61064D8-4116-4CB8-88FA-BA9DFEBCBF91}.Release|Any CPU.Build.0 = Release|Any CPU
		{F61064D8-4116-4CB8-88FA-BA9DFEBCBF91}.Release|x64.ActiveCfg = Release|Any CPU
		{F61064D8-4116-4CB8-88FA-BA9DFEBCBF91}.Release|x64.Build.0 = Release|Any CPU
		{F61064D8-4116-4CB8-88FA-BA9DFEBCBF91}.Release|x86.ActiveCfg = Release|Any CPU
		{F61064D8-4116-4CB8-88FA-BA9DFEBCBF91}.Release|x86.Build.0 = Release|Any CPU
	EndGlobalSection
	GlobalSection(NestedProjects) = preSolution
		{F61064D8-4116-4CB8-88FA-BA9DFEBCBF91} = {40E15EEB-7CDF-4572-BCDB-B0F1D4058913}
	EndGlobalSection
EndGlobal
